// !$*UTF8*$!
{
	archiveVersion = 1;
	classes = {
	};
	objectVersion = 77;
	objects = {

/* Begin PBXContainerItemProxy section */
		142926D72F8FAC0D001EF47F /* PBXContainerItemProxy */ = {
			isa = PBXContainerItemProxy;
			containerPortal = 142926C12F8FAC0C001EF47F /* Project object */;
			proxyType = 1;
			remoteGlobalIDString = 142926C82F8FAC0C001EF47F;
			remoteInfo = LetsMakeAlbums;
		};
		142926E12F8FAC0D001EF47F /* PBXContainerItemProxy */ = {
			isa = PBXContainerItemProxy;
			containerPortal = 142926C12F8FAC0C001EF47F /* Project object */;
			proxyType = 1;
			remoteGlobalIDString = 142926C82F8FAC0C001EF47F;
			remoteInfo = LetsMakeAlbums;
		};
/* End PBXContainerItemProxy section */

/* Begin PBXFileReference section */
		142926C92F8FAC0C001EF47F /* LetsMakeAlbums.app */ = {isa = PBXFileReference; explicitFileType = wrapper.application; includeInIndex = 0; path = LetsMakeAlbums.app; sourceTree = BUILT_PRODUCTS_DIR; };
		142926D62F8FAC0D001EF47F /* LetsMakeAlbumsTests.xctest */ = {isa = PBXFileReference; explicitFileType = wrapper.cfbundle; includeInIndex = 0; path = LetsMakeAlbumsTests.xctest; sourceTree = BUILT_PRODUCTS_DIR; };
		142926E02F8FAC0D001EF47F /* LetsMakeAlbumsUITests.xctest */ = {isa = PBXFileReference; explicitFileType = wrapper.cfbundle; includeInIndex = 0; path = LetsMakeAlbumsUITests.xctest; sourceTree = BUILT_PRODUCTS_DIR; };
/* End PBXFileReference section */

/* Begin PBXFileSystemSynchronizedRootGroup section */
		142926CB2F8FAC0C001EF47F /* LetsMakeAlbums */ = {
			isa = PBXFileSystemSynchronizedRootGroup;
			path = LetsMakeAlbums;
			sourceTree = "<group>";
		};
		142926D92F8FAC0D001EF47F /* LetsMakeAlbumsTests */ = {
			isa = PBXFileSystemSynchronizedRootGroup;
			path = LetsMakeAlbumsTests;
			sourceTree = "<group>";
		};
		142926E32F8FAC0D001EF47F /* LetsMakeAlbumsUITests */ = {
			isa = PBXFileSystemSynchronizedRootGroup;
			path = LetsMakeAlbumsUITests;
			sourceTree = "<group>";
		};
/* End PBXFileSystemSynchronizedRootGroup section */

/* Begin PBXFrameworksBuildPhase section */
		142926C62F8FAC0C001EF47F /* Frameworks */ = {
			isa = PBXFrameworksBuildPhase;
			buildActionMask = 2147483647;
			files = (
			);
			runOnlyForDeploymentPostprocessing = 0;
		};
		142926D32F8FAC0D001EF47F /* Frameworks */ = {
			isa = PBXFrameworksBuildPhase;
			buildActionMask = 2147483647;
			files = (
			);
			runOnlyForDeploymentPostprocessing = 0;
		};
		142926DD2F8FAC0D001EF47F /* Frameworks */ = {
			isa = PBXFrameworksBuildPhase;
			buildActionMask = 2147483647;
			files = (
			);
			runOnlyForDeploymentPostprocessing = 0;
		};
/* End PBXFrameworksBuildPhase section */

/* Begin PBXGroup section */
		142926C02F8FAC0C001EF47F = {
			isa = PBXGroup;
			children = (
				142926CB2F8FAC0C001EF47F /* LetsMakeAlbums */,
				142926D92F8FAC0D001EF47F /* LetsMakeAlbumsTests */,
				142926E32F8FAC0D001EF47F /* LetsMakeAlbumsUITests */,
				142926CA2F8FAC0C001EF47F /* Products */,
			);
			sourceTree = "<group>";
		};
		142926CA2F8FAC0C001EF47F /* Products */ = {
			isa = PBXGroup;
			children = (
				142926C92F8FAC0C001EF47F /* LetsMakeAlbums.app */,
				142926D62F8FAC0D001EF47F /* LetsMakeAlbumsTests.xctest */,
				142926E02F8FAC0D001EF47F /* LetsMakeAlbumsUITests.xctest */,
			);
			name = Products;
			sourceTree = "<group>";
		};
/* End PBXGroup section */

/* Begin PBXNativeTarget section */
		142926C82F8FAC0C001EF47F /* LetsMakeAlbums */ = {
			isa = PBXNativeTarget;
			buildConfigurationList = 142926EA2F8FAC0D001EF47F /* Build configuration list for PBXNativeTarget "LetsMakeAlbums" */;
			buildPhases = (
				142926C52F8FAC0C001EF47F /* Sources */,
				142926C62F8FAC0C001EF47F /* Frameworks */,
				142926C72F8FAC0C001EF47F /* Resources */,
			);
			buildRules = (
			);
			dependencies = (
			);
			fileSystemSynchronizedGroups = (
				142926CB2F8FAC0C001EF47F /* LetsMakeAlbums */,
			);
			name = LetsMakeAlbums;
			packageProductDependencies = (
			);
			productName = LetsMakeAlbums;
			productReference = 142926C92F8FAC0C001EF47F /* LetsMakeAlbums.app */;
			productType = "com.apple.product-type.application";
		};
		142926D52F8FAC0D001EF47F /* LetsMakeAlbumsTests */ = {
			isa = PBXNativeTarget;
			buildConfigurationList = 142926ED2F8FAC0D001EF47F /* Build configuration list for PBXNativeTarget "LetsMakeAlbumsTests" */;
			buildPhases = (
				142926D22F8FAC0D001EF47F /* Sources */,
				142926D32F8FAC0D001EF47F /* Frameworks */,
				142926D42F8FAC0D001EF47F /* Resources */,
			);
			buildRules = (
			);
			dependencies = (
				142926D82F8FAC0D001EF47F /* PBXTargetDependency */,
			);
			fileSystemSynchronizedGroups = (
				142926D92F8FAC0D001EF47F /* LetsMakeAlbumsTests */,
			);
			name = LetsMakeAlbumsTests;
			packageProductDependencies = (
			);
			productName = LetsMakeAlbumsTests;
			productReference = 142926D62F8FAC0D001EF47F /* LetsMakeAlbumsTests.xctest */;
			productType = "com.apple.product-type.bundle.unit-test";
		};
		142926DF2F8FAC0D001EF47F /* LetsMakeAlbumsUITests */ = {
			isa = PBXNativeTarget;
			buildConfigurationList = 142926F02F8FAC0D001EF47F /* Build configuration list for PBXNativeTarget "LetsMakeAlbumsUITests" */;
			buildPhases = (
				142926DC2F8FAC0D001EF47F /* Sources */,
				142926DD2F8FAC0D001EF47F /* Frameworks */,
				142926DE2F8FAC0D001EF47F /* Resources */,
			);
			buildRules = (
			);
			dependencies = (
				142926E22F8FAC0D001EF47F /* PBXTargetDependency */,
			);
			fileSystemSynchronizedGroups = (
				142926E32F8FAC0D001EF47F /* LetsMakeAlbumsUITests */,
			);
			name = LetsMakeAlbumsUITests;
			packageProductDependencies = (
			);
			productName = LetsMakeAlbumsUITests;
			productReference = 142926E02F8FAC0D001EF47F /* LetsMakeAlbumsUITests.xctest */;
			productType = "com.apple.product-type.bundle.ui-testing";
		};
/* End PBXNativeTarget section */

/* Begin PBXProject section */
		142926C12F8FAC0C001EF47F /* Project object */ = {
			isa = PBXProject;
			attributes = {
				BuildIndependentTargetsInParallel = 1;
				LastSwiftUpdateCheck = 2640;
				LastUpgradeCheck = 2640;
				TargetAttributes = {
					142926C82F8FAC0C001EF47F = {
						CreatedOnToolsVersion = 26.4;
					};
					142926D52F8FAC0D001EF47F = {
						CreatedOnToolsVersion = 26.4;
						TestTargetID = 142926C82F8FAC0C001EF47F;
					};
					142926DF2F8FAC0D001EF47F = {
						CreatedOnToolsVersion = 26.4;
						TestTargetID = 142926C82F8FAC0C001EF47F;
					};
				};
			};
			buildConfigurationList = 142926C42F8FAC0C001EF47F /* Build configuration list for PBXProject "LetsMakeAlbums" */;
			developmentRegion = en;
			hasScannedForEncodings = 0;
			knownRegions = (
				en,
				Base,
			);
			mainGroup = 142926C02F8FAC0C001EF47F;
			minimizedProjectReferenceProxies = 1;
			preferredProjectObjectVersion = 77;
			productRefGroup = 142926CA2F8FAC0C001EF47F /* Products */;
			projectDirPath = "";
			projectRoot = "";
			targets = (
				142926C82F8FAC0C001EF47F /* LetsMakeAlbums */,
				142926D52F8FAC0D001EF47F /* LetsMakeAlbumsTests */,
				142926DF2F8FAC0D001EF47F /* LetsMakeAlbumsUITests */,
			);
		};
/* End PBXProject section */

/* Begin PBXResourcesBuildPhase section */
		142926C72F8FAC0C001EF47F /* Resources */ = {
			isa = PBXResourcesBuildPhase;
			buildActionMask = 2147483647;
			files = (
			);
			runOnlyForDeploymentPostprocessing = 0;
		};
		142926D42F8FAC0D001EF47F /* Resources */ = {
			isa = PBXResourcesBuildPhase;
			buildActionMask = 2147483647;
			files = (
			);
			runOnlyForDeploymentPostprocessing = 0;
		};
		142926DE2F8FAC0D001EF47F /* Resources */ = {
			isa = PBXResourcesBuildPhase;
			buildActionMask = 2147483647;
			files = (
			);
			runOnlyForDeploymentPostprocessing = 0;
		};
/* End PBXResourcesBuildPhase section */

/* Begin PBXSourcesBuildPhase section */
		142926C52F8FAC0C001EF47F /* Sources */ = {
			isa = PBXSourcesBuildPhase;
			buildActionMask = 2147483647;
			files = (
			);
			runOnlyForDeploymentPostprocessing = 0;
		};
		142926D22F8FAC0D001EF47F /* Sources */ = {
			isa = PBXSourcesBuildPhase;
			buildActionMask = 2147483647;
			files = (
			);
			runOnlyForDeploymentPostprocessing = 0;
		};
		142926DC2F8FAC0D001EF47F /* Sources */ = {
			isa = PBXSourcesBuildPhase;
			buildActionMask = 2147483647;
			files = (
			);
			runOnlyForDeploymentPostprocessing = 0;
		};
/* End PBXSourcesBuildPhase section */

/* Begin PBXTargetDependency section */
		142926D82F8FAC0D001EF47F /* PBXTargetDependency */ = {
			isa = PBXTargetDependency;
			target = 142926C82F8FAC0C001EF47F /* LetsMakeAlbums */;
			targetProxy = 142926D72F8FAC0D001EF47F /* PBXContainerItemProxy */;
		};
		142926E22F8FAC0D001EF47F /* PBXTargetDependency */ = {
			isa = PBXTargetDependency;
			target = 142926C82F8FAC0C001EF47F /* LetsMakeAlbums */;
			targetProxy = 142926E12F8FAC0D001EF47F /* PBXContainerItemProxy */;
		};
/* End PBXTargetDependency section */

/* Begin XCBuildConfiguration section */
		142926E82F8FAC0D001EF47F /* Debug */ = {
			isa = XCBuildConfiguration;
			buildSettings = {
				ALWAYS_SEARCH_USER_PATHS = NO;
				ASSETCATALOG_COMPILER_GENERATE_SWIFT_ASSET_SYMBOL_EXTENSIONS = YES;
				CLANG_ANALYZER_NONNULL = YES;
				CLANG_ANALYZER_NUMBER_OBJECT_CONVERSION = YES_AGGRESSIVE;
				CLANG_CXX_LANGUAGE_STANDARD = "gnu++20";
				CLANG_ENABLE_MODULES = YES;
				CLANG_ENABLE_OBJC_ARC = YES;
				CLANG_ENABLE_OBJC_WEAK = YES;
				CLANG_WARN_BLOCK_CAPTURE_AUTORELEASING = YES;
				CLANG_WARN_BOOL_CONVERSION = YES;
				CLANG_WARN_COMMA = YES;
				CLANG_WARN_CONSTANT_CONVERSION = YES;
				CLANG_WARN_DEPRECATED_OBJC_IMPLEMENTATIONS = YES;
				CLANG_WARN_DIRECT_OBJC_ISA_USAGE = YES_ERROR;
				CLANG_WARN_DOCUMENTATION_COMMENTS = YES;
				CLANG_WARN_EMPTY_BODY = YES;
				CLANG_WARN_ENUM_CONVERSION = YES;
				CLANG_WARN_INFINITE_RECURSION = YES;
				CLANG_WARN_INT_CONVERSION = YES;
				CLANG_WARN_NON_LITERAL_NULL_CONVERSION = YES;
				CLANG_WARN_OBJC_IMPLICIT_RETAIN_SELF = YES;
				CLANG_WARN_OBJC_LITERAL_CONVERSION = YES;
				CLANG_WARN_OBJC_ROOT_CLASS = YES_ERROR;
				CLANG_WARN_QUOTED_INCLUDE_IN_FRAMEWORK_HEADER = YES;
				CLANG_WARN_RANGE_LOOP_ANALYSIS = YES;
				CLANG_WARN_STRICT_PROTOTYPES = YES;
				CLANG_WARN_SUSPICIOUS_MOVE = YES;
				CLANG_WARN_UNGUARDED_AVAILABILITY = YES_AGGRESSIVE;
				CLANG_WARN_UNREACHABLE_CODE = YES;
				CLANG_WARN__DUPLICATE_METHOD_MATCH = YES;
				COPY_PHASE_STRIP = NO;
				DEBUG_INFORMATION_FORMAT = dwarf;
				DEVELOPMENT_TEAM = "";
				ENABLE_STRICT_OBJC_MSGSEND = YES;
				ENABLE_TESTABILITY = YES;
				ENABLE_USER_SCRIPT_SANDBOXING = YES;
				GCC_C_LANGUAGE_STANDARD = gnu17;
				GCC_DYNAMIC_NO_PIC = NO;
				GCC_NO_COMMON_BLOCKS = YES;
				GCC_OPTIMIZATION_LEVEL = 0;
				GCC_PREPROCESSOR_DEFINITIONS = (
					"DEBUG=1",
					"$(inherited)",
				);
				GCC_WARN_64_TO_32_BIT_CONVERSION = YES;
				GCC_WARN_ABOUT_RETURN_TYPE = YES_ERROR;
				GCC_WARN_UNDECLARED_SELECTOR = YES;
				GCC_WARN_UNINITIALIZED_AUTOS = YES_AGGRESSIVE;
				GCC_WARN_UNUSED_FUNCTION = YES;
				GCC_WARN_UNUSED_VARIABLE = YES;
				LOCALIZATION_PREFERS_STRING_CATALOGS = YES;
				MACOSX_DEPLOYMENT_TARGET = 26.4;
				MTL_ENABLE_DEBUG_INFO = INCLUDE_SOURCE;
				MTL_FAST_MATH = YES;
				ONLY_ACTIVE_ARCH = YES;
				SDKROOT = macosx;
				SWIFT_ACTIVE_COMPILATION_CONDITIONS = "DEBUG $(inherited)";
				SWIFT_OPTIMIZATION_LEVEL = "-Onone";
			};
			name = Debug;
		};
		142926E92F8FAC0D001EF47F /* Release */ = {
			isa = XCBuildConfiguration;
			buildSettings = {
				ALWAYS_SEARCH_USER_PATHS = NO;
				ASSETCATALOG_COMPILER_GENERATE_SWIFT_ASSET_SYMBOL_EXTENSIONS = YES;
				CLANG_ANALYZER_NONNULL = YES;
				CLANG_ANALYZER_NUMBER_OBJECT_CONVERSION = YES_AGGRESSIVE;
				CLANG_CXX_LANGUAGE_STANDARD = "gnu++20";
				CLANG_ENABLE_MODULES = YES;
				CLANG_ENABLE_OBJC_ARC = YES;
				CLANG_ENABLE_OBJC_WEAK = YES;
				CLANG_WARN_BLOCK_CAPTURE_AUTORELEASING = YES;
				CLANG_WARN_BOOL_CONVERSION = YES;
				CLANG_WARN_COMMA = YES;
				CLANG_WARN_CONSTANT_CONVERSION = YES;
				CLANG_WARN_DEPRECATED_OBJC_IMPLEMENTATIONS = YES;
				CLANG_WARN_DIRECT_OBJC_ISA_USAGE = YES_ERROR;
				CLANG_WARN_DOCUMENTATION_COMMENTS = YES;
				CLANG_WARN_EMPTY_BODY = YES;
				CLANG_WARN_ENUM_CONVERSION = YES;
				CLANG_WARN_INFINITE_RECURSION = YES;
				CLANG_WARN_INT_CONVERSION = YES;
				CLANG_WARN_NON_LITERAL_NULL_CONVERSION = YES;
				CLANG_WARN_OBJC_IMPLICIT_RETAIN_SELF = YES;
				CLANG_WARN_OBJC_LITERAL_CONVERSION = YES;
				CLANG_WARN_OBJC_ROOT_CLASS = YES_ERROR;
				CLANG_WARN_QUOTED_INCLUDE_IN_FRAMEWORK_HEADER = YES;
				CLANG_WARN_RANGE_LOOP_ANALYSIS = YES;
				CLANG_WARN_STRICT_PROTOTYPES = YES;
				CLANG_WARN_SUSPICIOUS_MOVE = YES;
				CLANG_WARN_UNGUARDED_AVAILABILITY = YES_AGGRESSIVE;
				CLANG_WARN_UNREACHABLE_CODE = YES;
				CLANG_WARN__DUPLICATE_METHOD_MATCH = YES;
				COPY_PHASE_STRIP = NO;
				DEBUG_INFORMATION_FORMAT = "dwarf-with-dsym";
				DEVELOPMENT_TEAM = "";
				ENABLE_NS_ASSERTIONS = NO;
				ENABLE_STRICT_OBJC_MSGSEND = YES;
				ENABLE_USER_SCRIPT_SANDBOXING = YES;
				GCC_C_LANGUAGE_STANDARD = gnu17;
				GCC_NO_COMMON_BLOCKS = YES;
				GCC_WARN_64_TO_32_BIT_CONVERSION = YES;
				GCC_WARN_ABOUT_RETURN_TYPE = YES_ERROR;
				GCC_WARN_UNDECLARED_SELECTOR = YES;
				GCC_WARN_UNINITIALIZED_AUTOS = YES_AGGRESSIVE;
				GCC_WARN_UNUSED_FUNCTION = YES;
				GCC_WARN_UNUSED_VARIABLE = YES;
				LOCALIZATION_PREFERS_STRING_CATALOGS = YES;
				MACOSX_DEPLOYMENT_TARGET = 26.4;
				MTL_ENABLE_DEBUG_INFO = NO;
				MTL_FAST_MATH = YES;
				SDKROOT = macosx;
				SWIFT_COMPILATION_MODE = wholemodule;
			};
			name = Release;
		};
		142926EB2F8FAC0D001EF47F /* Debug */ = {
			isa = XCBuildConfiguration;
			buildSettings = {
				ASSETCATALOG_COMPILER_APPICON_NAME = AppIcon;
				ASSETCATALOG_COMPILER_GLOBAL_ACCENT_COLOR_NAME = AccentColor;
				CODE_SIGN_ENTITLEMENTS = LetsMakeAlbums/LetsMakeAlbums.entitlements;
				CODE_SIGN_STYLE = Automatic;
				COMBINE_HIDPI_IMAGES = YES;
				CURRENT_PROJECT_VERSION = 1;
				DEVELOPMENT_TEAM = "";
				ENABLE_APP_SANDBOX = YES;
				ENABLE_HARDENED_RUNTIME = YES;
				ENABLE_INCOMING_NETWORK_CONNECTIONS = NO;
				ENABLE_OUTGOING_NETWORK_CONNECTIONS = YES;
				ENABLE_PREVIEWS = YES;
				ENABLE_RESOURCE_ACCESS_AUDIO_INPUT = NO;
				ENABLE_RESOURCE_ACCESS_BLUETOOTH = NO;
				ENABLE_RESOURCE_ACCESS_CALENDARS = NO;
				ENABLE_RESOURCE_ACCESS_CAMERA = NO;
				ENABLE_RESOURCE_ACCESS_CONTACTS = NO;
				ENABLE_RESOURCE_ACCESS_LOCATION = NO;
				ENABLE_RESOURCE_ACCESS_PRINTING = NO;
				ENABLE_RESOURCE_ACCESS_USB = NO;
				GENERATE_INFOPLIST_FILE = YES;
				INFOPLIST_KEY_NSHumanReadableCopyright = "";
				INFOPLIST_KEY_NSPhotoLibraryAddUsageDescription = "LetsMakeAlbums creates albums and adds selected photos when you choose Create Album.";
				INFOPLIST_KEY_NSPhotoLibraryUsageDescription = "LetsMakeAlbums reads your photo library metadata to suggest albums from related local photos.";
				LD_RUNPATH_SEARCH_PATHS = (
					"$(inherited)",
					"@executable_path/../Frameworks",
				);
				MARKETING_VERSION = 1.0;
				PRODUCT_BUNDLE_IDENTIFIER = com.dordorel.LetsMakeAlbums;
				PRODUCT_NAME = "$(TARGET_NAME)";
				REGISTER_APP_GROUPS = YES;
				STRING_CATALOG_GENERATE_SYMBOLS = YES;
				SWIFT_APPROACHABLE_CONCURRENCY = YES;
				SWIFT_EMIT_LOC_STRINGS = YES;
				SWIFT_STRICT_CONCURRENCY = complete;
				SWIFT_UPCOMING_FEATURE_MEMBER_IMPORT_VISIBILITY = YES;
				SWIFT_VERSION = 6.0;
			};
			name = Debug;
		};
		142926EC2F8FAC0D001EF47F /* Release */ = {
			isa = XCBuildConfiguration;
			buildSettings = {
				ASSETCATALOG_COMPILER_APPICON_NAME = AppIcon;
				ASSETCATALOG_COMPILER_GLOBAL_ACCENT_COLOR_NAME = AccentColor;
				CODE_SIGN_ENTITLEMENTS = LetsMakeAlbums/LetsMakeAlbums.entitlements;
				CODE_SIGN_STYLE = Automatic;
				COMBINE_HIDPI_IMAGES = YES;
				CURRENT_PROJECT_VERSION = 1;
				DEVELOPMENT_TEAM = "";
				ENABLE_APP_SANDBOX = YES;
				ENABLE_HARDENED_RUNTIME = YES;
				ENABLE_INCOMING_NETWORK_CONNECTIONS = NO;
				ENABLE_OUTGOING_NETWORK_CONNECTIONS = YES;
				ENABLE_PREVIEWS = YES;
				ENABLE_RESOURCE_ACCESS_AUDIO_INPUT = NO;
				ENABLE_RESOURCE_ACCESS_BLUETOOTH = NO;
				ENABLE_RESOURCE_ACCESS_CALENDARS = NO;
				ENABLE_RESOURCE_ACCESS_CAMERA = NO;
				ENABLE_RESOURCE_ACCESS_CONTACTS = NO;
				ENABLE_RESOURCE_ACCESS_LOCATION = NO;
				ENABLE_RESOURCE_ACCESS_PRINTING = NO;
				ENABLE_RESOURCE_ACCESS_USB = NO;
				GENERATE_INFOPLIST_FILE = YES;
				INFOPLIST_KEY_NSHumanReadableCopyright = "";
				INFOPLIST_KEY_NSPhotoLibraryAddUsageDescription = "LetsMakeAlbums creates albums and adds selected photos when you choose Create Album.";
				INFOPLIST_KEY_NSPhotoLibraryUsageDescription = "LetsMakeAlbums reads your photo library metadata to suggest albums from related local photos.";
				LD_RUNPATH_SEARCH_PATHS = (
					"$(inherited)",
					"@executable_path/../Frameworks",
				);
				MARKETING_VERSION = 1.0;
				PRODUCT_BUNDLE_IDENTIFIER = com.dordorel.LetsMakeAlbums;
				PRODUCT_NAME = "$(TARGET_NAME)";
				REGISTER_APP_GROUPS = YES;
				STRING_CATALOG_GENERATE_SYMBOLS = YES;
				SWIFT_APPROACHABLE_CONCURRENCY = YES;
				SWIFT_EMIT_LOC_STRINGS = YES;
				SWIFT_STRICT_CONCURRENCY = complete;
				SWIFT_UPCOMING_FEATURE_MEMBER_IMPORT_VISIBILITY = YES;
				SWIFT_VERSION = 6.0;
			};
			name = Release;
		};
		142926EE2F8FAC0D001EF47F /* Debug */ = {
			isa = XCBuildConfiguration;
			buildSettings = {
				BUNDLE_LOADER = "$(TEST_HOST)";
				CODE_SIGN_STYLE = Automatic;
				CURRENT_PROJECT_VERSION = 1;
				DEVELOPMENT_TEAM = "";
				GENERATE_INFOPLIST_FILE = YES;
				MACOSX_DEPLOYMENT_TARGET = 26.4;
				MARKETING_VERSION = 1.0;
				PRODUCT_BUNDLE_IDENTIFIER = com.dordorel.LetsMakeAlbumsTests;
				PRODUCT_NAME = "$(TARGET_NAME)";
				STRING_CATALOG_GENERATE_SYMBOLS = NO;
				SWIFT_APPROACHABLE_CONCURRENCY = YES;
				SWIFT_EMIT_LOC_STRINGS = NO;
				SWIFT_STRICT_CONCURRENCY = complete;
				SWIFT_UPCOMING_FEATURE_MEMBER_IMPORT_VISIBILITY = YES;
				SWIFT_VERSION = 6.0;
				TEST_HOST = "$(BUILT_PRODUCTS_DIR)/LetsMakeAlbums.app/$(BUNDLE_EXECUTABLE_FOLDER_PATH)/LetsMakeAlbums";
			};
			name = Debug;
		};
		142926EF2F8FAC0D001EF47F /* Release */ = {
			isa = XCBuildConfiguration;
			buildSettings = {
				BUNDLE_LOADER = "$(TEST_HOST)";
				CODE_SIGN_STYLE = Automatic;
				CURRENT_PROJECT_VERSION = 1;
				DEVELOPMENT_TEAM = "";
				GENERATE_INFOPLIST_FILE = YES;
				MACOSX_DEPLOYMENT_TARGET = 26.4;
				MARKETING_VERSION = 1.0;
				PRODUCT_BUNDLE_IDENTIFIER = com.dordorel.LetsMakeAlbumsTests;
				PRODUCT_NAME = "$(TARGET_NAME)";
				STRING_CATALOG_GENERATE_SYMBOLS = NO;
				SWIFT_APPROACHABLE_CONCURRENCY = YES;
				SWIFT_EMIT_LOC_STRINGS = NO;
				SWIFT_STRICT_CONCURRENCY = complete;
				SWIFT_UPCOMING_FEATURE_MEMBER_IMPORT_VISIBILITY = YES;
				SWIFT_VERSION = 6.0;
				TEST_HOST = "$(BUILT_PRODUCTS_DIR)/LetsMakeAlbums.app/$(BUNDLE_EXECUTABLE_FOLDER_PATH)/LetsMakeAlbums";
			};
			name = Release;
		};
		142926F12F8FAC0D001EF47F /* Debug */ = {
			isa = XCBuildConfiguration;
			buildSettings = {
				CODE_SIGN_STYLE = Automatic;
				CURRENT_PROJECT_VERSION = 1;
				DEVELOPMENT_TEAM = "";
				GENERATE_INFOPLIST_FILE = YES;
				MARKETING_VERSION = 1.0;
				PRODUCT_BUNDLE_IDENTIFIER = com.dordorel.LetsMakeAlbumsUITests;
				PRODUCT_NAME = "$(TARGET_NAME)";
				STRING_CATALOG_GENERATE_SYMBOLS = NO;
				SWIFT_APPROACHABLE_CONCURRENCY = YES;
				SWIFT_EMIT_LOC_STRINGS = NO;
				SWIFT_STRICT_CONCURRENCY = complete;
				SWIFT_UPCOMING_FEATURE_MEMBER_IMPORT_VISIBILITY = YES;
				SWIFT_VERSION = 6.0;
				TEST_TARGET_NAME = LetsMakeAlbums;
			};
			name = Debug;
		};
		142926F22F8FAC0D001EF47F /* Release */ = {
			isa = XCBuildConfiguration;
			buildSettings = {
				CODE_SIGN_STYLE = Automatic;
				CURRENT_PROJECT_VERSION = 1;
				DEVELOPMENT_TEAM = "";
				GENERATE_INFOPLIST_FILE = YES;
				MARKETING_VERSION = 1.0;
				PRODUCT_BUNDLE_IDENTIFIER = com.dordorel.LetsMakeAlbumsUITests;
				PRODUCT_NAME = "$(TARGET_NAME)";
				STRING_CATALOG_GENERATE_SYMBOLS = NO;
				SWIFT_APPROACHABLE_CONCURRENCY = YES;
				SWIFT_EMIT_LOC_STRINGS = NO;
				SWIFT_STRICT_CONCURRENCY = complete;
				SWIFT_UPCOMING_FEATURE_MEMBER_IMPORT_VISIBILITY = YES;
				SWIFT_VERSION = 6.0;
				TEST_TARGET_NAME = LetsMakeAlbums;
			};
			name = Release;
		};
/* End XCBuildConfiguration section */

/* Begin XCConfigurationList section */
		142926C42F8FAC0C001EF47F /* Build configuration list for PBXProject "LetsMakeAlbums" */ = {
			isa = XCConfigurationList;
			buildConfigurations = (
				142926E82F8FAC0D001EF47F /* Debug */,
				142926E92F8FAC0D001EF47F /* Release */,
			);
			defaultConfigurationIsVisible = 0;
			defaultConfigurationName = Release;
		};
		142926EA2F8FAC0D001EF47F /* Build configuration list for PBXNativeTarget "LetsMakeAlbums" */ = {
			isa = XCConfigurationList;
			buildConfigurations = (
				142926EB2F8FAC0D001EF47F /* Debug */,
				142926EC2F8FAC0D001EF47F /* Release */,
			);
			defaultConfigurationIsVisible = 0;
			defaultConfigurationName = Release;
		};
		142926ED2F8FAC0D001EF47F /* Build configuration list for PBXNativeTarget "LetsMakeAlbumsTests" */ = {
			isa = XCConfigurationList;
			buildConfigurations = (
				142926EE2F8FAC0D001EF47F /* Debug */,
				142926EF2F8FAC0D001EF47F /* Release */,
			);
			defaultConfigurationIsVisible = 0;
			defaultConfigurationName = Release;
		};
		142926F02F8FAC0D001EF47F /* Build configuration list for PBXNativeTarget "LetsMakeAlbumsUITests" */ = {
			isa = XCConfigurationList;
			buildConfigurations = (
				142926F12F8FAC0D001EF47F /* Debug */,
				142926F22F8FAC0D001EF47F /* Release */,
			);
			defaultConfigurationIsVisible = 0;
			defaultConfigurationName = Release;
		};
/* End XCConfigurationList section */
	};
	rootObject = 142926C12F8FAC0C001EF47F /* Project object */;
}
